// !$*UTF8*$!
{
	archiveVersion = 1;
	classes = {
	};
	objectVersion = 50;
	objects = {

/* Begin PBXBuildFile section */
		B206ED42223D70F4006D1F92 /* AppDelegate.m in Sources */ = {isa = PBXBuildFile; fileRef = B206ED41223D70F4006D1F92 /* AppDelegate.m */; };
		B206ED45223D70F4006D1F92 /* ViewController.m in Sources */ = {isa = PBXBuildFile; fileRef = B206ED44223D70F4006D1F92 /* ViewController.m */; };
		B206ED48223D70F4006D1F92 /* Main.storyboard in Resources */ = {isa = PBXBuildFile; fileRef = B206ED46223D70F4006D1F92 /* Main.storyboard */; };
		B206ED4A223D70F6006D1F92 /* Assets.xcassets in Resources */ = {isa = PBXBuildFile; fileRef = B206ED49223D70F6006D1F92 /* Assets.xcassets */; };
		B206ED4D223D70F6006D1F92 /* LaunchScreen.storyboard in Resources */ = {isa = PBXBuildFile; fileRef = B206ED4B223D70F6006D1F92 /* LaunchScreen.storyboard */; };
		B206ED50223D70F6006D1F92 /* main.m in Sources */ = {isa = PBXBuildFile; fileRef = B206ED4F223D70F6006D1F92 /* main.m */; };
		B206ED5A223D70F6006D1F92 /* LookForHerTests.m in Sources */ = {isa = PBXBuildFile; fileRef = B206ED59223D70F6006D1F92 /* LookForHerTests.m */; };
		B206ED65223D70F6006D1F92 /* LookForHerUITests.m in Sources */ = {isa = PBXBuildFile; fileRef = B206ED64223D70F6006D1F92 /* LookForHerUITests.m */; };
		B2F2D6FC223D8632002AE9B9 /* BaseViewController.m in Sources */ = {isa = PBXBuildFile; fileRef = B2F2D6FB223D8632002AE9B9 /* BaseViewController.m */; };
		B2F2D701223D8A05002AE9B9 /* TabRootViewController.m in Sources */ = {isa = PBXBuildFile; fileRef = B2F2D700223D8A05002AE9B9 /* TabRootViewController.m */; };
		B2F2D719223D8CA7002AE9B9 /* LHPersonCenterVC.m in Sources */ = {isa = PBXBuildFile; fileRef = B2F2D718223D8CA7002AE9B9 /* LHPersonCenterVC.m */; };
		B2F2D71C223D8CCB002AE9B9 /* LHMessageListVC.m in Sources */ = {isa = PBXBuildFile; fileRef = B2F2D71B223D8CCB002AE9B9 /* LHMessageListVC.m */; };
		B2F2D71F223D8CE2002AE9B9 /* LHActivityVC.m in Sources */ = {isa = PBXBuildFile; fileRef = B2F2D71E223D8CE2002AE9B9 /* LHActivityVC.m */; };
		B2F2D722223D8CF9002AE9B9 /* LHRankVC.m in Sources */ = {isa = PBXBuildFile; fileRef = B2F2D721223D8CF9002AE9B9 /* LHRankVC.m */; };
		B2F2D725223D8D0C002AE9B9 /* LHHomePageVC.m in Sources */ = {isa = PBXBuildFile; fileRef = B2F2D724223D8D0C002AE9B9 /* LHHomePageVC.m */; };
/* End PBXBuildFile section */

/* Begin PBXContainerItemProxy section */
		B206ED56223D70F6006D1F92 /* PBXContainerItemProxy */ = {
			isa = PBXContainerItemProxy;
			containerPortal = B206ED35223D70F4006D1F92 /* Project object */;
			proxyType = 1;
			remoteGlobalIDString = B206ED3C223D70F4006D1F92;
			remoteInfo = LookForHer;
		};
		B206ED61223D70F6006D1F92 /* PBXContainerItemProxy */ = {
			isa = PBXContainerItemProxy;
			containerPortal = B206ED35223D70F4006D1F92 /* Project object */;
			proxyType = 1;
			remoteGlobalIDString = B206ED3C223D70F4006D1F92;
			remoteInfo = LookForHer;
		};
/* End PBXContainerItemProxy section */

/* Begin PBXFileReference section */
		B206ED3D223D70F4006D1F92 /* LookForHer.app */ = {isa = PBXFileReference; explicitFileType = wrapper.application; includeInIndex = 0; path = LookForHer.app; sourceTree = BUILT_PRODUCTS_DIR; };
		B206ED40223D70F4006D1F92 /* AppDelegate.h */ = {isa = PBXFileReference; lastKnownFileType = sourcecode.c.h; path = AppDelegate.h; sourceTree = "<group>"; };
		B206ED41223D70F4006D1F92 /* AppDelegate.m */ = {isa = PBXFileReference; lastKnownFileType = sourcecode.c.objc; path = AppDelegate.m; sourceTree = "<group>"; };
		B206ED43223D70F4006D1F92 /* ViewController.h */ = {isa = PBXFileReference; lastKnownFileType = sourcecode.c.h; path = ViewController.h; sourceTree = "<group>"; };
		B206ED44223D70F4006D1F92 /* ViewController.m */ = {isa = PBXFileReference; lastKnownFileType = sourcecode.c.objc; path = ViewController.m; sourceTree = "<group>"; };
		B206ED47223D70F4006D1F92 /* Base */ = {isa = PBXFileReference; lastKnownFileType = file.storyboard; name = Base; path = Base.lproj/Main.storyboard; sourceTree = "<group>"; };
		B206ED49223D70F6006D1F92 /* Assets.xcassets */ = {isa = PBXFileReference; lastKnownFileType = folder.assetcatalog; path = Assets.xcassets; sourceTree = "<group>"; };
		B206ED4C223D70F6006D1F92 /* Base */ = {isa = PBXFileReference; lastKnownFileType = file.storyboard; name = Base; path = Base.lproj/LaunchScreen.storyboard; sourceTree = "<group>"; };
		B206ED4E223D70F6006D1F92 /* Info.plist */ = {isa = PBXFileReference; lastKnownFileType = text.plist.xml; path = Info.plist; sourceTree = "<group>"; };
		B206ED4F223D70F6006D1F92 /* main.m */ = {isa = PBXFileReference; lastKnownFileType = sourcecode.c.objc; path = main.m; sourceTree = "<group>"; };
		B206ED55223D70F6006D1F92 /* LookForHerTests.xctest */ = {isa = PBXFileReference; explicitFileType = wrapper.cfbundle; includeInIndex = 0; path = LookForHerTests.xctest; sourceTree = BUILT_PRODUCTS_DIR; };
		B206ED59223D70F6006D1F92 /* LookForHerTests.m */ = {isa = PBXFileReference; lastKnownFileType = sourcecode.c.objc; path = LookForHerTests.m; sourceTree = "<group>"; };
		B206ED5B223D70F6006D1F92 /* Info.plist */ = {isa = PBXFileReference; lastKnownFileType = text.plist.xml; path = Info.plist; sourceTree = "<group>"; };
		B206ED60223D70F6006D1F92 /* LookForHerUITests.xctest */ = {isa = PBXFileReference; explicitFileType = wrapper.cfbundle; includeInIndex = 0; path = LookForHerUITests.xctest; sourceTree = BUILT_PRODUCTS_DIR; };
		B206ED64223D70F6006D1F92 /* LookForHerUITests.m */ = {isa = PBXFileReference; lastKnownFileType = sourcecode.c.objc; path = LookForHerUITests.m; sourceTree = "<group>"; };
		B206ED66223D70F6006D1F92 /* Info.plist */ = {isa = PBXFileReference; lastKnownFileType = text.plist.xml; path = Info.plist; sourceTree = "<group>"; };
		B2F2D6FA223D8632002AE9B9 /* BaseViewController.h */ = {isa = PBXFileReference; lastKnownFileType = sourcecode.c.h; path = BaseViewController.h; sourceTree = "<group>"; };
		B2F2D6FB223D8632002AE9B9 /* BaseViewController.m */ = {isa = PBXFileReference; lastKnownFileType = sourcecode.c.objc; path = BaseViewController.m; sourceTree = "<group>"; };
		B2F2D6FE223D886F002AE9B9 /* PrefixHeader.pch */ = {isa = PBXFileReference; lastKnownFileType = sourcecode.c.h; path = PrefixHeader.pch; sourceTree = "<group>"; };
		B2F2D6FF223D8A05002AE9B9 /* TabRootViewController.h */ = {isa = PBXFileReference; lastKnownFileType = sourcecode.c.h; path = TabRootViewController.h; sourceTree = "<group>"; };
		B2F2D700223D8A05002AE9B9 /* TabRootViewController.m */ = {isa = PBXFileReference; lastKnownFileType = sourcecode.c.objc; path = TabRootViewController.m; sourceTree = "<group>"; };
		B2F2D717223D8CA7002AE9B9 /* LHPersonCenterVC.h */ = {isa = PBXFileReference; lastKnownFileType = sourcecode.c.h; path = LHPersonCenterVC.h; sourceTree = "<group>"; };
		B2F2D718223D8CA7002AE9B9 /* LHPersonCenterVC.m */ = {isa = PBXFileReference; lastKnownFileType = sourcecode.c.objc; path = LHPersonCenterVC.m; sourceTree = "<group>"; };
		B2F2D71A223D8CCB002AE9B9 /* LHMessageListVC.h */ = {isa = PBXFileReference; lastKnownFileType = sourcecode.c.h; path = LHMessageListVC.h; sourceTree = "<group>"; };
		B2F2D71B223D8CCB002AE9B9 /* LHMessageListVC.m */ = {isa = PBXFileReference; lastKnownFileType = sourcecode.c.objc; path = LHMessageListVC.m; sourceTree = "<group>"; };
		B2F2D71D223D8CE2002AE9B9 /* LHActivityVC.h */ = {isa = PBXFileReference; lastKnownFileType = sourcecode.c.h; path = LHActivityVC.h; sourceTree = "<group>"; };
		B2F2D71E223D8CE2002AE9B9 /* LHActivityVC.m */ = {isa = PBXFileReference; lastKnownFileType = sourcecode.c.objc; path = LHActivityVC.m; sourceTree = "<group>"; };
		B2F2D720223D8CF9002AE9B9 /* LHRankVC.h */ = {isa = PBXFileReference; lastKnownFileType = sourcecode.c.h; path = LHRankVC.h; sourceTree = "<group>"; };
		B2F2D721223D8CF9002AE9B9 /* LHRankVC.m */ = {isa = PBXFileReference; lastKnownFileType = sourcecode.c.objc; path = LHRankVC.m; sourceTree = "<group>"; };
		B2F2D723223D8D0C002AE9B9 /* LHHomePageVC.h */ = {isa = PBXFileReference; lastKnownFileType = sourcecode.c.h; path = LHHomePageVC.h; sourceTree = "<group>"; };
		B2F2D724223D8D0C002AE9B9 /* LHHomePageVC.m */ = {isa = PBXFileReference; lastKnownFileType = sourcecode.c.objc; path = LHHomePageVC.m; sourceTree = "<group>"; };
/* End PBXFileReference section */

/* Begin PBXFrameworksBuildPhase section */
		B206ED3A223D70F4006D1F92 /* Frameworks */ = {
			isa = PBXFrameworksBuildPhase;
			buildActionMask = 2147483647;
			files = (
			);
			runOnlyForDeploymentPostprocessing = 0;
		};
		B206ED52223D70F6006D1F92 /* Frameworks */ = {
			isa = PBXFrameworksBuildPhase;
			buildActionMask = 2147483647;
			files = (
			);
			runOnlyForDeploymentPostprocessing = 0;
		};
		B206ED5D223D70F6006D1F92 /* Frameworks */ = {
			isa = PBXFrameworksBuildPhase;
			buildActionMask = 2147483647;
			files = (
			);
			runOnlyForDeploymentPostprocessing = 0;
		};
/* End PBXFrameworksBuildPhase section */

/* Begin PBXGroup section */
		B206ED34223D70F4006D1F92 = {
			isa = PBXGroup;
			children = (
				B206ED3F223D70F4006D1F92 /* LookForHer */,
				B206ED58223D70F6006D1F92 /* LookForHerTests */,
				B206ED63223D70F6006D1F92 /* LookForHerUITests */,
				B206ED3E223D70F4006D1F92 /* Products */,
			);
			sourceTree = "<group>";
		};
		B206ED3E223D70F4006D1F92 /* Products */ = {
			isa = PBXGroup;
			children = (
				B206ED3D223D70F4006D1F92 /* LookForHer.app */,
				B206ED55223D70F6006D1F92 /* LookForHerTests.xctest */,
				B206ED60223D70F6006D1F92 /* LookForHerUITests.xctest */,
			);
			name = Products;
			sourceTree = "<group>";
		};
		B206ED3F223D70F4006D1F92 /* LookForHer */ = {
			isa = PBXGroup;
			children = (
				B2F2D6F5223D8533002AE9B9 /* Person */,
				B2F2D6F4223D852A002AE9B9 /* Message */,
				B2F2D6F3223D851D002AE9B9 /* Activity */,
				B2F2D6F2223D850C002AE9B9 /* Rank */,
				B2F2D6F0223D849F002AE9B9 /* HomePage */,
				B2F2D6EF223D8440002AE9B9 /* NavAndTab */,
				B206ED40223D70F4006D1F92 /* AppDelegate.h */,
				B206ED41223D70F4006D1F92 /* AppDelegate.m */,
				B206ED43223D70F4006D1F92 /* ViewController.h */,
				B206ED44223D70F4006D1F92 /* ViewController.m */,
				B2F2D6FE223D886F002AE9B9 /* PrefixHeader.pch */,
				B206ED46223D70F4006D1F92 /* Main.storyboard */,
				B206ED49223D70F6006D1F92 /* Assets.xcassets */,
				B206ED4B223D70F6006D1F92 /* LaunchScreen.storyboard */,
				B206ED4E223D70F6006D1F92 /* Info.plist */,
				B206ED4F223D70F6006D1F92 /* main.m */,
			);
			path = LookForHer;
			sourceTree = "<group>";
		};
		B206ED58223D70F6006D1F92 /* LookForHerTests */ = {
			isa = PBXGroup;
			children = (
				B206ED59223D70F6006D1F92 /* LookForHerTests.m */,
				B206ED5B223D70F6006D1F92 /* Info.plist */,
			);
			path = LookForHerTests;
			sourceTree = "<group>";
		};
		B206ED63223D70F6006D1F92 /* LookForHerUITests */ = {
			isa = PBXGroup;
			children = (
				B206ED64223D70F6006D1F92 /* LookForHerUITests.m */,
				B206ED66223D70F6006D1F92 /* Info.plist */,
			);
			path = LookForHerUITests;
			sourceTree = "<group>";
		};
		B2F2D6EF223D8440002AE9B9 /* NavAndTab */ = {
			isa = PBXGroup;
			children = (
				B2F2D6FA223D8632002AE9B9 /* BaseViewController.h */,
				B2F2D6FB223D8632002AE9B9 /* BaseViewController.m */,
				B2F2D6FF223D8A05002AE9B9 /* TabRootViewController.h */,
				B2F2D700223D8A05002AE9B9 /* TabRootViewController.m */,
			);
			path = NavAndTab;
			sourceTree = "<group>";
		};
		B2F2D6F0223D849F002AE9B9 /* HomePage */ = {
			isa = PBXGroup;
			children = (
				B2F2D6F1223D849F002AE9B9 /* ViewController */,
			);
			path = HomePage;
			sourceTree = "<group>";
		};
		B2F2D6F1223D849F002AE9B9 /* ViewController */ = {
			isa = PBXGroup;
			children = (
				B2F2D723223D8D0C002AE9B9 /* LHHomePageVC.h */,
				B2F2D724223D8D0C002AE9B9 /* LHHomePageVC.m */,
			);
			path = ViewController;
			sourceTree = "<group>";
		};
		B2F2D6F2223D850C002AE9B9 /* Rank */ = {
			isa = PBXGroup;
			children = (
				B2F2D6F9223D85AD002AE9B9 /* ViewController */,
			);
			path = Rank;
			sourceTree = "<group>";
		};
		B2F2D6F3223D851D002AE9B9 /* Activity */ = {
			isa = PBXGroup;
			children = (
				B2F2D6F6223D855B002AE9B9 /* ViewController */,
			);
			path = Activity;
			sourceTree = "<group>";
		};
		B2F2D6F4223D852A002AE9B9 /* Message */ = {
			isa = PBXGroup;
			children = (
				B2F2D6F7223D8570002AE9B9 /* ViewController */,
			);
			path = Message;
			sourceTree = "<group>";
		};
		B2F2D6F5223D8533002AE9B9 /* Person */ = {
			isa = PBXGroup;
			children = (
				B2F2D6F8223D8599002AE9B9 /* ViewController */,
			);
			path = Person;
			sourceTree = "<group>";
		};
		B2F2D6F6223D855B002AE9B9 /* ViewController */ = {
			isa = PBXGroup;
			children = (
				B2F2D71D223D8CE2002AE9B9 /* LHActivityVC.h */,
				B2F2D71E223D8CE2002AE9B9 /* LHActivityVC.m */,
			);
			path = ViewController;
			sourceTree = "<group>";
		};
		B2F2D6F7223D8570002AE9B9 /* ViewController */ = {
			isa = PBXGroup;
			children = (
				B2F2D71A223D8CCB002AE9B9 /* LHMessageListVC.h */,
				B2F2D71B223D8CCB002AE9B9 /* LHMessageListVC.m */,
			);
			path = ViewController;
			sourceTree = "<group>";
		};
		B2F2D6F8223D8599002AE9B9 /* ViewController */ = {
			isa = PBXGroup;
			children = (
				B2F2D717223D8CA7002AE9B9 /* LHPersonCenterVC.h */,
				B2F2D718223D8CA7002AE9B9 /* LHPersonCenterVC.m */,
			);
			path = ViewController;
			sourceTree = "<group>";
		};
		B2F2D6F9223D85AD002AE9B9 /* ViewController */ = {
			isa = PBXGroup;
			children = (
				B2F2D720223D8CF9002AE9B9 /* LHRankVC.h */,
				B2F2D721223D8CF9002AE9B9 /* LHRankVC.m */,
			);
			path = ViewController;
			sourceTree = "<group>";
		};
/* End PBXGroup section */

/* Begin PBXNativeTarget section */
		B206ED3C223D70F4006D1F92 /* LookForHer */ = {
			isa = PBXNativeTarget;
			buildConfigurationList = B206ED69223D70F6006D1F92 /* Build configuration list for PBXNativeTarget "LookForHer" */;
			buildPhases = (
				B206ED39223D70F4006D1F92 /* Sources */,
				B206ED3A223D70F4006D1F92 /* Frameworks */,
				B206ED3B223D70F4006D1F92 /* Resources */,
			);
			buildRules = (
			);
			dependencies = (
			);
			name = LookForHer;
			productName = LookForHer;
			productReference = B206ED3D223D70F4006D1F92 /* LookForHer.app */;
			productType = "com.apple.product-type.application";
		};
		B206ED54223D70F6006D1F92 /* LookForHerTests */ = {
			isa = PBXNativeTarget;
			buildConfigurationList = B206ED6C223D70F6006D1F92 /* Build configuration list for PBXNativeTarget "LookForHerTests" */;
			buildPhases = (
				B206ED51223D70F6006D1F92 /* Sources */,
				B206ED52223D70F6006D1F92 /* Frameworks */,
				B206ED53223D70F6006D1F92 /* Resources */,
			);
			buildRules = (
			);
			dependencies = (
				B206ED57223D70F6006D1F92 /* PBXTargetDependency */,
			);
			name = LookForHerTests;
			productName = LookForHerTests;
			productReference = B206ED55223D70F6006D1F92 /* LookForHerTests.xctest */;
			productType = "com.apple.product-type.bundle.unit-test";
		};
		B206ED5F223D70F6006D1F92 /* LookForHerUITests */ = {
			isa = PBXNativeTarget;
			buildConfigurationList = B206ED6F223D70F6006D1F92 /* Build configuration list for PBXNativeTarget "LookForHerUITests" */;
			buildPhases = (
				B206ED5C223D70F6006D1F92 /* Sources */,
				B206ED5D223D70F6006D1F92 /* Frameworks */,
				B206ED5E223D70F6006D1F92 /* Resources */,
			);
			buildRules = (
			);
			dependencies = (
				B206ED62223D70F6006D1F92 /* PBXTargetDependency */,
			);
			name = LookForHerUITests;
			productName = LookForHerUITests;
			productReference = B206ED60223D70F6006D1F92 /* LookForHerUITests.xctest */;
			productType = "com.apple.product-type.bundle.ui-testing";
		};
/* End PBXNativeTarget section */

/* Begin PBXProject section */
		B206ED35223D70F4006D1F92 /* Project object */ = {
			isa = PBXProject;
			attributes = {
				LastUpgradeCheck = 1010;
				ORGANIZATIONNAME = "于礼";
				TargetAttributes = {
					B206ED3C223D70F4006D1F92 = {
						CreatedOnToolsVersion = 10.1;
					};
					B206ED54223D70F6006D1F92 = {
						CreatedOnToolsVersion = 10.1;
						TestTargetID = B206ED3C223D70F4006D1F92;
					};
					B206ED5F223D70F6006D1F92 = {
						CreatedOnToolsVersion = 10.1;
						TestTargetID = B206ED3C223D70F4006D1F92;
					};
				};
			};
			buildConfigurationList = B206ED38223D70F4006D1F92 /* Build configuration list for PBXProject "LookForHer" */;
			compatibilityVersion = "Xcode 9.3";
			developmentRegion = en;
			hasScannedForEncodings = 0;
			knownRegions = (
				en,
				Base,
			);
			mainGroup = B206ED34223D70F4006D1F92;
			productRefGroup = B206ED3E223D70F4006D1F92 /* Products */;
			projectDirPath = "";
			projectRoot = "";
			targets = (
				B206ED3C223D70F4006D1F92 /* LookForHer */,
				B206ED54223D70F6006D1F92 /* LookForHerTests */,
				B206ED5F223D70F6006D1F92 /* LookForHerUITests */,
			);
		};
/* End PBXProject section */

/* Begin PBXResourcesBuildPhase section */
		B206ED3B223D70F4006D1F92 /* Resources */ = {
			isa = PBXResourcesBuildPhase;
			buildActionMask = 2147483647;
			files = (
				B206ED4D223D70F6006D1F92 /* LaunchScreen.storyboard in Resources */,
				B206ED4A223D70F6006D1F92 /* Assets.xcassets in Resources */,
				B206ED48223D70F4006D1F92 /* Main.storyboard in Resources */,
			);
			runOnlyForDeploymentPostprocessing = 0;
		};
		B206ED53223D70F6006D1F92 /* Resources */ = {
			isa = PBXResourcesBuildPhase;
			buildActionMask = 2147483647;
			files = (
			);
			runOnlyForDeploymentPostprocessing = 0;
		};
		B206ED5E223D70F6006D1F92 /* Resources */ = {
			isa = PBXResourcesBuildPhase;
			buildActionMask = 2147483647;
			files = (
			);
			runOnlyForDeploymentPostprocessing = 0;
		};
/* End PBXResourcesBuildPhase section */

/* Begin PBXSourcesBuildPhase section */
		B206ED39223D70F4006D1F92 /* Sources */ = {
			isa = PBXSourcesBuildPhase;
			buildActionMask = 2147483647;
			files = (
				B206ED45223D70F4006D1F92 /* ViewController.m in Sources */,
				B2F2D6FC223D8632002AE9B9 /* BaseViewController.m in Sources */,
				B2F2D725223D8D0C002AE9B9 /* LHHomePageVC.m in Sources */,
				B206ED50223D70F6006D1F92 /* main.m in Sources */,
				B2F2D71F223D8CE2002AE9B9 /* LHActivityVC.m in Sources */,
				B2F2D71C223D8CCB002AE9B9 /* LHMessageListVC.m in Sources */,
				B2F2D722223D8CF9002AE9B9 /* LHRankVC.m in Sources */,
				B2F2D701223D8A05002AE9B9 /* TabRootViewController.m in Sources */,
				B2F2D719223D8CA7002AE9B9 /* LHPersonCenterVC.m in Sources */,
				B206ED42223D70F4006D1F92 /* AppDelegate.m in Sources */,
			);
			runOnlyForDeploymentPostprocessing = 0;
		};
		B206ED51223D70F6006D1F92 /* Sources */ = {
			isa = PBXSourcesBuildPhase;
			buildActionMask = 2147483647;
			files = (
				B206ED5A223D70F6006D1F92 /* LookForHerTests.m in Sources */,
			);
			runOnlyForDeploymentPostprocessing = 0;
		};
		B206ED5C223D70F6006D1F92 /* Sources */ = {
			isa = PBXSourcesBuildPhase;
			buildActionMask = 2147483647;
			files = (
				B206ED65223D70F6006D1F92 /* LookForHerUITests.m in Sources */,
			);
			runOnlyForDeploymentPostprocessing = 0;
		};
/* End PBXSourcesBuildPhase section */

/* Begin PBXTargetDependency section */
		B206ED57223D70F6006D1F92 /* PBXTargetDependency */ = {
			isa = PBXTargetDependency;
			target = B206ED3C223D70F4006D1F92 /* LookForHer */;
			targetProxy = B206ED56223D70F6006D1F92 /* PBXContainerItemProxy */;
		};
		B206ED62223D70F6006D1F92 /* PBXTargetDependency */ = {
			isa = PBXTargetDependency;
			target = B206ED3C223D70F4006D1F92 /* LookForHer */;
			targetProxy = B206ED61223D70F6006D1F92 /* PBXContainerItemProxy */;
		};
/* End PBXTargetDependency section */

/* Begin PBXVariantGroup section */
		B206ED46223D70F4006D1F92 /* Main.storyboard */ = {
			isa = PBXVariantGroup;
			children = (
				B206ED47223D70F4006D1F92 /* Base */,
			);
			name = Main.storyboard;
			sourceTree = "<group>";
		};
		B206ED4B223D70F6006D1F92 /* LaunchScreen.storyboard */ = {
			isa = PBXVariantGroup;
			children = (
				B206ED4C223D70F6006D1F92 /* Base */,
			);
			name = LaunchScreen.storyboard;
			sourceTree = "<group>";
		};
/* End PBXVariantGroup section */

/* Begin XCBuildConfiguration section */
		B206ED67223D70F6006D1F92 /* Debug */ = {
			isa = XCBuildConfiguration;
			buildSettings = {
				ALWAYS_SEARCH_USER_PATHS = NO;
				CLANG_ANALYZER_NONNULL = YES;
				CLANG_ANALYZER_NUMBER_OBJECT_CONVERSION = YES_AGGRESSIVE;
				CLANG_CXX_LANGUAGE_STANDARD = "gnu++14";
				CLANG_CXX_LIBRARY = "libc++";
				CLANG_ENABLE_MODULES = YES;
				CLANG_ENABLE_OBJC_ARC = YES;
				CLANG_ENABLE_OBJC_WEAK = YES;
				CLANG_WARN_BLOCK_CAPTURE_AUTORELEASING = YES;
				CLANG_WARN_BOOL_CONVERSION = YES;
				CLANG_WARN_COMMA = YES;
				CLANG_WARN_CONSTANT_CONVERSION = YES;
				CLANG_WARN_DEPRECATED_OBJC_IMPLEMENTATIONS = YES;
				CLANG_WARN_DIRECT_OBJC_ISA_USAGE = YES_ERROR;
				CLANG_WARN_DOCUMENTATION_COMMENTS = YES;
				CLANG_WARN_EMPTY_BODY = YES;
				CLANG_WARN_ENUM_CONVERSION = YES;
				CLANG_WARN_INFINITE_RECURSION = YES;
				CLANG_WARN_INT_CONVERSION = YES;
				CLANG_WARN_NON_LITERAL_NULL_CONVERSION = YES;
				CLANG_WARN_OBJC_IMPLICIT_RETAIN_SELF = YES;
				CLANG_WARN_OBJC_LITERAL_CONVERSION = YES;
				CLANG_WARN_OBJC_ROOT_CLASS = YES_ERROR;
				CLANG_WARN_RANGE_LOOP_ANALYSIS = YES;
				CLANG_WARN_STRICT_PROTOTYPES = YES;
				CLANG_WARN_SUSPICIOUS_MOVE = YES;
				CLANG_WARN_UNGUARDED_AVAILABILITY = YES_AGGRESSIVE;
				CLANG_WARN_UNREACHABLE_CODE = YES;
				CLANG_WARN__DUPLICATE_METHOD_MATCH = YES;
				CODE_SIGN_IDENTITY = "iPhone Developer";
				COPY_PHASE_STRIP = NO;
				DEBUG_INFORMATION_FORMAT = dwarf;
				ENABLE_STRICT_OBJC_MSGSEND = YES;
				ENABLE_TESTABILITY = YES;
				GCC_C_LANGUAGE_STANDARD = gnu11;
				GCC_DYNAMIC_NO_PIC = NO;
				GCC_NO_COMMON_BLOCKS = YES;
				GCC_OPTIMIZATION_LEVEL = 0;
				GCC_PREPROCESSOR_DEFINITIONS = (
					"DEBUG=1",
					"$(inherited)",
				);
				GCC_WARN_64_TO_32_BIT_CONVERSION = YES;
				GCC_WARN_ABOUT_RETURN_TYPE = YES_ERROR;
				GCC_WARN_UNDECLARED_SELECTOR = YES;
				GCC_WARN_UNINITIALIZED_AUTOS = YES_AGGRESSIVE;
				GCC_WARN_UNUSED_FUNCTION = YES;
				GCC_WARN_UNUSED_VARIABLE = YES;
				IPHONEOS_DEPLOYMENT_TARGET = 12.1;
				MTL_ENABLE_DEBUG_INFO = INCLUDE_SOURCE;
				MTL_FAST_MATH = YES;
				ONLY_ACTIVE_ARCH = YES;
				SDKROOT = iphoneos;
			};
			name = Debug;
		};
		B206ED68223D70F6006D1F92 /* Release */ = {
			isa = XCBuildConfiguration;
			buildSettings = {
				ALWAYS_SEARCH_USER_PATHS = NO;
				CLANG_ANALYZER_NONNULL = YES;
				CLANG_ANALYZER_NUMBER_OBJECT_CONVERSION = YES_AGGRESSIVE;
				CLANG_CXX_LANGUAGE_STANDARD = "gnu++14";
				CLANG_CXX_LIBRARY = "libc++";
				CLANG_ENABLE_MODULES = YES;
				CLANG_ENABLE_OBJC_ARC = YES;
				CLANG_ENABLE_OBJC_WEAK = YES;
				CLANG_WARN_BLOCK_CAPTURE_AUTORELEASING = YES;
				CLANG_WARN_BOOL_CONVERSION = YES;
				CLANG_WARN_COMMA = YES;
				CLANG_WARN_CONSTANT_CONVERSION = YES;
				CLANG_WARN_DEPRECATED_OBJC_IMPLEMENTATIONS = YES;
				CLANG_WARN_DIRECT_OBJC_ISA_USAGE = YES_ERROR;
				CLANG_WARN_DOCUMENTATION_COMMENTS = YES;
				CLANG_WARN_EMPTY_BODY = YES;
				CLANG_WARN_ENUM_CONVERSION = YES;
				CLANG_WARN_INFINITE_RECURSION = YES;
				CLANG_WARN_INT_CONVERSION = YES;
				CLANG_WARN_NON_LITERAL_NULL_CONVERSION = YES;
				CLANG_WARN_OBJC_IMPLICIT_RETAIN_SELF = YES;
				CLANG_WARN_OBJC_LITERAL_CONVERSION = YES;
				CLANG_WARN_OBJC_ROOT_CLASS = YES_ERROR;
				CLANG_WARN_RANGE_LOOP_ANALYSIS = YES;
				CLANG_WARN_STRICT_PROTOTYPES = YES;
				CLANG_WARN_SUSPICIOUS_MOVE = YES;
				CLANG_WARN_UNGUARDED_AVAILABILITY = YES_AGGRESSIVE;
				CLANG_WARN_UNREACHABLE_CODE = YES;
				CLANG_WARN__DUPLICATE_METHOD_MATCH = YES;
				CODE_SIGN_IDENTITY = "iPhone Developer";
				COPY_PHASE_STRIP = NO;
				DEBUG_INFORMATION_FORMAT = "dwarf-with-dsym";
				ENABLE_NS_ASSERTIONS = NO;
				ENABLE_STRICT_OBJC_MSGSEND = YES;
				GCC_C_LANGUAGE_STANDARD = gnu11;
				GCC_NO_COMMON_BLOCKS = YES;
				GCC_WARN_64_TO_32_BIT_CONVERSION = YES;
				GCC_WARN_ABOUT_RETURN_TYPE = YES_ERROR;
				GCC_WARN_UNDECLARED_SELECTOR = YES;
				GCC_WARN_UNINITIALIZED_AUTOS = YES_AGGRESSIVE;
				GCC_WARN_UNUSED_FUNCTION = YES;
				GCC_WARN_UNUSED_VARIABLE = YES;
				IPHONEOS_DEPLOYMENT_TARGET = 12.1;
				MTL_ENABLE_DEBUG_INFO = NO;
				MTL_FAST_MATH = YES;
				SDKROOT = iphoneos;
				VALIDATE_PRODUCT = YES;
			};
			name = Release;
		};
		B206ED6A223D70F6006D1F92 /* Debug */ = {
			isa = XCBuildConfiguration;
			buildSettings = {
				ASSETCATALOG_COMPILER_APPICON_NAME = AppIcon;
				CODE_SIGN_STYLE = Automatic;
				GCC_PRECOMPILE_PREFIX_HEADER = YES;
				GCC_PREFIX_HEADER = /Users/yuli/LookForHer/LookForHer/LookForHer/PrefixHeader.pch;
				INFOPLIST_FILE = LookForHer/Info.plist;
				LD_RUNPATH_SEARCH_PATHS = (
					"$(inherited)",
					"@executable_path/Frameworks",
				);
				PRODUCT_BUNDLE_IDENTIFIER = "--.LookForHer";
				PRODUCT_NAME = "$(TARGET_NAME)";
				TARGETED_DEVICE_FAMILY = "1,2";
			};
			name = Debug;
		};
		B206ED6B223D70F6006D1F92 /* Release */ = {
			isa = XCBuildConfiguration;
			buildSettings = {
				ASSETCATALOG_COMPILER_APPICON_NAME = AppIcon;
				CODE_SIGN_STYLE = Automatic;
				GCC_PRECOMPILE_PREFIX_HEADER = YES;
				GCC_PREFIX_HEADER = /Users/yuli/LookForHer/LookForHer/LookForHer/PrefixHeader.pch;
				INFOPLIST_FILE = LookForHer/Info.plist;
				LD_RUNPATH_SEARCH_PATHS = (
					"$(inherited)",
					"@executable_path/Frameworks",
				);
				PRODUCT_BUNDLE_IDENTIFIER = "--.LookForHer";
				PRODUCT_NAME = "$(TARGET_NAME)";
				TARGETED_DEVICE_FAMILY = "1,2";
			};
			name = Release;
		};
		B206ED6D223D70F6006D1F92 /* Debug */ = {
			isa = XCBuildConfiguration;
			buildSettings = {
				BUNDLE_LOADER = "$(TEST_HOST)";
				CODE_SIGN_STYLE = Automatic;
				INFOPLIST_FILE = LookForHerTests/Info.plist;
				LD_RUNPATH_SEARCH_PATHS = (
					"$(inherited)",
					"@executable_path/Frameworks",
					"@loader_path/Frameworks",
				);
				PRODUCT_BUNDLE_IDENTIFIER = "--.LookForHerTests";
				PRODUCT_NAME = "$(TARGET_NAME)";
				TARGETED_DEVICE_FAMILY = "1,2";
				TEST_HOST = "$(BUILT_PRODUCTS_DIR)/LookForHer.app/LookForHer";
			};
			name = Debug;
		};
		B206ED6E223D70F6006D1F92 /* Release */ = {
			isa = XCBuildConfiguration;
			buildSettings = {
				BUNDLE_LOADER = "$(TEST_HOST)";
				CODE_SIGN_STYLE = Automatic;
				INFOPLIST_FILE = LookForHerTests/Info.plist;
				LD_RUNPATH_SEARCH_PATHS = (
					"$(inherited)",
					"@executable_path/Frameworks",
					"@loader_path/Frameworks",
				);
				PRODUCT_BUNDLE_IDENTIFIER = "--.LookForHerTests";
				PRODUCT_NAME = "$(TARGET_NAME)";
				TARGETED_DEVICE_FAMILY = "1,2";
				TEST_HOST = "$(BUILT_PRODUCTS_DIR)/LookForHer.app/LookForHer";
			};
			name = Release;
		};
		B206ED70223D70F6006D1F92 /* Debug */ = {
			isa = XCBuildConfiguration;
			buildSettings = {
				CODE_SIGN_STYLE = Automatic;
				INFOPLIST_FILE = LookForHerUITests/Info.plist;
				LD_RUNPATH_SEARCH_PATHS = (
					"$(inherited)",
					"@executable_path/Frameworks",
					"@loader_path/Frameworks",
				);
				PRODUCT_BUNDLE_IDENTIFIER = "--.LookForHerUITests";
				PRODUCT_NAME = "$(TARGET_NAME)";
				TARGETED_DEVICE_FAMILY = "1,2";
				TEST_TARGET_NAME = LookForHer;
			};
			name = Debug;
		};
		B206ED71223D70F6006D1F92 /* Release */ = {
			isa = XCBuildConfiguration;
			buildSettings = {
				CODE_SIGN_STYLE = Automatic;
				INFOPLIST_FILE = LookForHerUITests/Info.plist;
				LD_RUNPATH_SEARCH_PATHS = (
					"$(inherited)",
					"@executable_path/Frameworks",
					"@loader_path/Frameworks",
				);
				PRODUCT_BUNDLE_IDENTIFIER = "--.LookForHerUITests";
				PRODUCT_NAME = "$(TARGET_NAME)";
				TARGETED_DEVICE_FAMILY = "1,2";
				TEST_TARGET_NAME = LookForHer;
			};
			name = Release;
		};
/* End XCBuildConfiguration section */

/* Begin XCConfigurationList section */
		B206ED38223D70F4006D1F92 /* Build configuration list for PBXProject "LookForHer" */ = {
			isa = XCConfigurationList;
			buildConfigurations = (
				B206ED67223D70F6006D1F92 /* Debug */,
				B206ED68223D70F6006D1F92 /* Release */,
			);
			defaultConfigurationIsVisible = 0;
			defaultConfigurationName = Release;
		};
		B206ED69223D70F6006D1F92 /* Build configuration list for PBXNativeTarget "LookForHer" */ = {
			isa = XCConfigurationList;
			buildConfigurations = (
				B206ED6A223D70F6006D1F92 /* Debug */,
				B206ED6B223D70F6006D1F92 /* Release */,
			);
			defaultConfigurationIsVisible = 0;
			defaultConfigurationName = Release;
		};
		B206ED6C223D70F6006D1F92 /* Build configuration list for PBXNativeTarget "LookForHerTests" */ = {
			isa = XCConfigurationList;
			buildConfigurations = (
				B206ED6D223D70F6006D1F92 /* Debug */,
				B206ED6E223D70F6006D1F92 /* Release */,
			);
			defaultConfigurationIsVisible = 0;
			defaultConfigurationName = Release;
		};
		B206ED6F223D70F6006D1F92 /* Build configuration list for PBXNativeTarget "LookForHerUITests" */ = {
			isa = XCConfigurationList;
			buildConfigurations = (
				B206ED70223D70F6006D1F92 /* Debug */,
				B206ED71223D70F6006D1F92 /* Release */,
			);
			defaultConfigurationIsVisible = 0;
			defaultConfigurationName = Release;
		};
/* End XCConfigurationList section */
	};
	rootObject = B206ED35223D70F4006D1F92 /* Project object */;
}
